
Microsoft Visual Studio Solution File, Format Version 12.00
# Visual Studio 2012
Project("{FAE04EC0-301F-11D3-BF4B-00C04F79EFBC}") = "Html5", "Html5\Html5.csproj", "{F7A4C3DB-D2F6-4428-96A9-50CC19FA40C6}"
EndProject
Project("{FAE04EC0-301F-11D3-BF4B-00C04F79EFBC}") = "SocketServer", "SocketServer\SocketServer.csproj", "{E3A2947A-9FF9-469E-A5F5-5A28D12FF85F}"
EndProject
Project("{FAE04EC0-301F-11D3-BF4B-00C04F79EFBC}") = "AnotherSite", "AnotherSite\AnotherSite.csproj", "{69A3FE1F-0EDF-44DF-8D0E-21200C4298D7}"
EndProject
Global
	GlobalSection(SolutionConfigurationPlatforms) = preSolution
		Debug|Any CPU = Debug|Any CPU
		Release|Any CPU = Release|Any CPU
	EndGlobalSection
	GlobalSection(ProjectConfigurationPlatforms) = postSolution
		{F7A4C3DB-D2F6-4428-96A9-50CC19FA40C6}.Debug|Any CPU.ActiveCfg = Debug|Any CPU
		{F7A4C3DB-D2F6-4428-96A9-50CC19FA40C6}.Debug|Any CPU.Build.0 = Debug|Any CPU
		{F7A4C3DB-D2F6-4428-96A9-50CC19FA40C6}.Release|Any CPU.ActiveCfg = Release|Any CPU
		{F7A4C3DB-D2F6-4428-96A9-50CC19FA40C6}.Release|Any CPU.Build.0 = Release|Any CPU
		{E3A2947A-9FF9-469E-A5F5-5A28D12FF85F}.Debug|Any CPU.ActiveCfg = Debug|Any CPU
		{E3A2947A-9FF9-469E-A5F5-5A28D12FF85F}.Debug|Any CPU.Build.0 = Debug|Any CPU
		{E3A2947A-9FF9-469E-A5F5-5A28D12FF85F}.Release|Any CPU.ActiveCfg = Release|Any CPU
		{E3A2947A-9FF9-469E-A5F5-5A28D12FF85F}.Release|Any CPU.Build.0 = Release|Any CPU
		{69A3FE1F-0EDF-44DF-8D0E-21200C4298D7}.Debug|Any CPU.ActiveCfg = Debug|Any CPU
		{69A3FE1F-0EDF-44DF-8D0E-21200C4298D7}.Debug|Any CPU.Build.0 = Debug|Any CPU
		{69A3FE1F-0EDF-44DF-8D0E-21200C4298D7}.Release|Any CPU.ActiveCfg = Release|Any CPU
		{69A3FE1F-0EDF-44DF-8D0E-21200C4298D7}.Release|Any CPU.Build.0 = Release|Any CPU
	EndGlobalSection
	GlobalSection(SolutionProperties) = preSolution
		HideSolutionNode = FALSE
	EndGlobalSection
EndGlobal
